# This file is autogenerated, do not edit; changes may be undone by the next 'dep ensure'.


[[projects]]
  digest = "1:8ebfc93b1a56ca5be538312c0d84173b7e92a47e6bc6c7b7194a02b29e823904"
  name = "github.com/atrox/homedir"
  packages = ["."]
  pruneopts = "UT"
  revision = "06c445c1ff71259ff8653dd17941b062b4c7f457"
  version = "v1.0.0"

[[projects]]
  branch = "master"
  digest = "1:00bf165064f2083532ba9741e5e685a0d7ddff2c7f4cc9d9ad005ccc65a9a7b9"
  name = "github.com/jsgoecke/tesla"
  packages = ["."]
  pruneopts = "UT"
  revision = "112508e1374ed7e3670569c6b6f8e8fc76b10b94"

[[projects]]
  digest = "1:31e761d97c76151dde79e9d28964a812c46efc5baee4085b86f68f0c654450de"
  name = "github.com/konsorten/go-windows-terminal-sequences"
  packages = ["."]
  pruneopts = "UT"
  revision = "f55edac94c9bbba5d6182a4be46d86a2c9b5b50e"
  version = "v1.0.2"

[[projects]]
  digest = "1:88ce921104338de4786b92590989c1f1ef215462e8dec36f879c4c54d47523b6"
  name = "github.com/newrelic/go-agent"
  packages = [
    ".",
    "_integrations/nrlogrus",
    "internal",
    "internal/cat",
    "internal/jsonx",
    "internal/logger",
    "internal/racedetector",
    "internal/sysinfo",
    "internal/utilization",
  ]
  pruneopts = "UT"
  revision = "5adc3b70de72198b5e21a6a811891309a0dcfba4"
  version = "v2.7.0"

[[projects]]
  digest = "1:04457f9f6f3ffc5fea48e71d62f2ca256637dee0a04d710288e27e05c8b41976"
  name = "github.com/sirupsen/logrus"
  packages = ["."]
  pruneopts = "UT"
  revision = "839c75faf7f98a33d445d181f3018b5c3409a45e"
  version = "v1.4.2"

[[projects]]
  branch = "master"
  digest = "1:010311506e3917b54487c35a4277e2709678a40c1587d82492c40b78b6a0a01d"
  name = "golang.org/x/sys"
  packages = ["unix"]
  pruneopts = "UT"
  revision = "93c9922d18aeb82498a065f07aec7ad7fa60dfb7"

[[projects]]
  digest = "1:4d2e5a73dc1500038e504a8d78b986630e3626dc027bc030ba5c75da257cdb96"
  name = "gopkg.in/yaml.v2"
  packages = ["."]
  pruneopts = "UT"
  revision = "51d6538a90f86fe93ac480b35f37b2be17fef232"
  version = "v2.2.2"

[solve-meta]
  analyzer-name = "dep"
  analyzer-version = 1
  input-imports = [
    "github.com/atrox/homedir",
    "github.com/jsgoecke/tesla",
    "github.com/newrelic/go-agent",
    "github.com/newrelic/go-agent/_integrations/nrlogrus",
    "github.com/sirupsen/logrus",
    "gopkg.in/yaml.v2",
  ]
  solver-name = "gps-cdcl"
  solver-version = 1
